
Microsoft Visual Studio Solution File, Format Version 12.00
# Visual Studio Version 17
VisualStudioVersion = 17.0.31903.59
MinimumVisualStudioVersion = 10.0.40219.1
Project("{FAE04EC0-301F-11D3-BF4B-00C04F79EFBC}") = "A Basics", "A Basics\A Basics.csproj", "{BEC44952-A61C-441E-A809-FA015D086773}"
EndProject
Project("{FAE04EC0-301F-11D3-BF4B-00C04F79EFBC}") = "ExtensionMethods", "ExtensionMethods\ExtensionMethods.csproj", "{74D28B8C-3A9A-4E3B-BB3D-4514A3D66DCB}"
EndProject
Project("{FAE04EC0-301F-11D3-BF4B-00C04F79EFBC}") = "LifeCycles", "LifeCycles\LifeCycles.csproj", "{88196457-0EFF-4A81-A00B-AC495C47742E}"
EndProject
Project("{FAE04EC0-301F-11D3-BF4B-00C04F79EFBC}") = "Records", "Records\Records.csproj", "{4C3ECE2B-C9AF-4160-A7EB-BE8D3A70729B}"
EndProject
Global
	GlobalSection(SolutionConfigurationPlatforms) = preSolution
		Debug|Any CPU = Debug|Any CPU
		Release|Any CPU = Release|Any CPU
	EndGlobalSection
	GlobalSection(ProjectConfigurationPlatforms) = postSolution
		{BEC44952-A61C-441E-A809-FA015D086773}.Debug|Any CPU.ActiveCfg = Debug|Any CPU
		{BEC44952-A61C-441E-A809-FA015D086773}.Debug|Any CPU.Build.0 = Debug|Any CPU
		{BEC44952-A61C-441E-A809-FA015D086773}.Release|Any CPU.ActiveCfg = Release|Any CPU
		{BEC44952-A61C-441E-A809-FA015D086773}.Release|Any CPU.Build.0 = Release|Any CPU
		{74D28B8C-3A9A-4E3B-BB3D-4514A3D66DCB}.Debug|Any CPU.ActiveCfg = Debug|Any CPU
		{74D28B8C-3A9A-4E3B-BB3D-4514A3D66DCB}.Debug|Any CPU.Build.0 = Debug|Any CPU
		{74D28B8C-3A9A-4E3B-BB3D-4514A3D66DCB}.Release|Any CPU.ActiveCfg = Release|Any CPU
		{74D28B8C-3A9A-4E3B-BB3D-4514A3D66DCB}.Release|Any CPU.Build.0 = Release|Any CPU
		{88196457-0EFF-4A81-A00B-AC495C47742E}.Debug|Any CPU.ActiveCfg = Debug|Any CPU
		{88196457-0EFF-4A81-A00B-AC495C47742E}.Debug|Any CPU.Build.0 = Debug|Any CPU
		{88196457-0EFF-4A81-A00B-AC495C47742E}.Release|Any CPU.ActiveCfg = Release|Any CPU
		{88196457-0EFF-4A81-A00B-AC495C47742E}.Release|Any CPU.Build.0 = Release|Any CPU
		{4C3ECE2B-C9AF-4160-A7EB-BE8D3A70729B}.Debug|Any CPU.ActiveCfg = Debug|Any CPU
		{4C3ECE2B-C9AF-4160-A7EB-BE8D3A70729B}.Debug|Any CPU.Build.0 = Debug|Any CPU
		{4C3ECE2B-C9AF-4160-A7EB-BE8D3A70729B}.Release|Any CPU.ActiveCfg = Release|Any CPU
		{4C3ECE2B-C9AF-4160-A7EB-BE8D3A70729B}.Release|Any CPU.Build.0 = Release|Any CPU
	EndGlobalSection
	GlobalSection(SolutionProperties) = preSolution
		HideSolutionNode = FALSE
	EndGlobalSection
EndGlobal
